
Microsoft Visual Studio Solution File, Format Version 12.00
# Visual Studio Version 17
VisualStudioVersion = 17.14.36623.8
MinimumVisualStudioVersion = 10.0.40219.1
Project("{8BC9CEB8-8B4A-11D0-8D11-00A0C91BC942}") = "Day01", "..\Day01\Day01.vcxproj", "{B7CDF517-D677-42F5-B882-9C4E766626AC}"
EndProject
Project("{8BC9CEB8-8B4A-11D0-8D11-00A0C91BC942}") = "Day02", "..\Day02\Day02.vcxproj", "{FE2070C6-6E0D-4C9B-B3EA-0FEB5402CF10}"
EndProject
Project("{8BC9CEB8-8B4A-11D0-8D11-00A0C91BC942}") = "Day03", "Day03\Day03.vcxproj", "{1BBEE341-4B96-4CFD-84F5-EEB14D843DB6}"
EndProject
Project("{8BC9CEB8-8B4A-11D0-8D11-00A0C91BC942}") = "Day04", "Day04\Day04.vcxproj", "{18233B58-E4AE-4694-97BC-F6E519B9AEB2}"
EndProject
Project("{8BC9CEB8-8B4A-11D0-8D11-00A0C91BC942}") = "Day05", "Day05\Day05.vcxproj", "{EEA62C15-30DF-4FA7-B649-494B858B2670}"
EndProject
Global
	GlobalSection(SolutionConfigurationPlatforms) = preSolution
		Debug|x64 = Debug|x64
		Debug|x86 = Debug|x86
		Release|x64 = Release|x64
		Release|x86 = Release|x86
	EndGlobalSection
	GlobalSection(ProjectConfigurationPlatforms) = postSolution
		{B7CDF517-D677-42F5-B882-9C4E766626AC}.Debug|x64.ActiveCfg = Debug|x64
		{B7CDF517-D677-42F5-B882-9C4E766626AC}.Debug|x64.Build.0 = Debug|x64
		{B7CDF517-D677-42F5-B882-9C4E766626AC}.Debug|x86.ActiveCfg = Debug|Win32
		{B7CDF517-D677-42F5-B882-9C4E766626AC}.Debug|x86.Build.0 = Debug|Win32
		{B7CDF517-D677-42F5-B882-9C4E766626AC}.Release|x64.ActiveCfg = Release|x64
		{B7CDF517-D677-42F5-B882-9C4E766626AC}.Release|x64.Build.0 = Release|x64
		{B7CDF517-D677-42F5-B882-9C4E766626AC}.Release|x86.ActiveCfg = Release|Win32
		{B7CDF517-D677-42F5-B882-9C4E766626AC}.Release|x86.Build.0 = Release|Win32
		{FE2070C6-6E0D-4C9B-B3EA-0FEB5402CF10}.Debug|x64.ActiveCfg = Debug|x64
		{FE2070C6-6E0D-4C9B-B3EA-0FEB5402CF10}.Debug|x64.Build.0 = Debug|x64
		{FE2070C6-6E0D-4C9B-B3EA-0FEB5402CF10}.Debug|x86.ActiveCfg = Debug|Win32
		{FE2070C6-6E0D-4C9B-B3EA-0FEB5402CF10}.Debug|x86.Build.0 = Debug|Win32
		{FE2070C6-6E0D-4C9B-B3EA-0FEB5402CF10}.Release|x64.ActiveCfg = Release|x64
		{FE2070C6-6E0D-4C9B-B3EA-0FEB5402CF10}.Release|x64.Build.0 = Release|x64
		{FE2070C6-6E0D-4C9B-B3EA-0FEB5402CF10}.Release|x86.ActiveCfg = Release|Win32
		{FE2070C6-6E0D-4C9B-B3EA-0FEB5402CF10}.Release|x86.Build.0 = Release|Win32
		{1BBEE341-4B96-4CFD-84F5-EEB14D843DB6}.Debug|x64.ActiveCfg = Debug|x64
		{1BBEE341-4B96-4CFD-84F5-EEB14D843DB6}.Debug|x64.Build.0 = Debug|x64
		{1BBEE341-4B96-4CFD-84F5-EEB14D843DB6}.Debug|x86.ActiveCfg = Debug|Win32
		{1BBEE341-4B96-4CFD-84F5-EEB14D843DB6}.Debug|x86.Build.0 = Debug|Win32
		{1BBEE341-4B96-4CFD-84F5-EEB14D843DB6}.Release|x64.ActiveCfg = Release|x64
		{1BBEE341-4B96-4CFD-84F5-EEB14D843DB6}.Release|x64.Build.0 = Release|x64
		{1BBEE341-4B96-4CFD-84F5-EEB14D843DB6}.Release|x86.ActiveCfg = Release|Win32
		{1BBEE341-4B96-4CFD-84F5-EEB14D843DB6}.Release|x86.Build.0 = Release|Win32
		{18233B58-E4AE-4694-97BC-F6E519B9AEB2}.Debug|x64.ActiveCfg = Debug|x64
		{18233B58-E4AE-4694-97BC-F6E519B9AEB2}.Debug|x64.Build.0 = Debug|x64
		{18233B58-E4AE-4694-97BC-F6E519B9AEB2}.Debug|x86.ActiveCfg = Debug|Win32
		{18233B58-E4AE-4694-97BC-F6E519B9AEB2}.Debug|x86.Build.0 = Debug|Win32
		{18233B58-E4AE-4694-97BC-F6E519B9AEB2}.Release|x64.ActiveCfg = Release|x64
		{18233B58-E4AE-4694-97BC-F6E519B9AEB2}.Release|x64.Build.0 = Release|x64
		{18233B58-E4AE-4694-97BC-F6E519B9AEB2}.Release|x86.ActiveCfg = Release|Win32
		{18233B58-E4AE-4694-97BC-F6E519B9AEB2}.Release|x86.Build.0 = Release|Win32
		{EEA62C15-30DF-4FA7-B649-494B858B2670}.Debug|x64.ActiveCfg = Debug|x64
		{EEA62C15-30DF-4FA7-B649-494B858B2670}.Debug|x64.Build.0 = Debug|x64
		{EEA62C15-30DF-4FA7-B649-494B858B2670}.Debug|x86.ActiveCfg = Debug|Win32
		{EEA62C15-30DF-4FA7-B649-494B858B2670}.Debug|x86.Build.0 = Debug|Win32
		{EEA62C15-30DF-4FA7-B649-494B858B2670}.Release|x64.ActiveCfg = Release|x64
		{EEA62C15-30DF-4FA7-B649-494B858B2670}.Release|x64.Build.0 = Release|x64
		{EEA62C15-30DF-4FA7-B649-494B858B2670}.Release|x86.ActiveCfg = Release|Win32
		{EEA62C15-30DF-4FA7-B649-494B858B2670}.Release|x86.Build.0 = Release|Win32
	EndGlobalSection
	GlobalSection(SolutionProperties) = preSolution
		HideSolutionNode = FALSE
	EndGlobalSection
	GlobalSection(ExtensibilityGlobals) = postSolution
		SolutionGuid = {847D0DEB-F6E7-4082-8600-5500C917E854}
	EndGlobalSection
EndGlobal
